// !$*UTF8*$!
{
	archiveVersion = 1;
	classes = {
	};
	objectVersion = 56;
	objects = {

/* Begin PBXBuildFile section */
		3713A08B2B1923150060C939 /* DeviceTypeView.swift in Sources */ = {isa = PBXBuildFile; fileRef = 3713A08A2B1923150060C939 /* DeviceTypeView.swift */; };
		373A36C72AD98A9A0086CCE0 /* Device.swift in Sources */ = {isa = PBXBuildFile; fileRef = 373A36C62AD98A9A0086CCE0 /* Device.swift */; };
		373A36CB2AD995260086CCE0 /* DeviceManager.swift in Sources */ = {isa = PBXBuildFile; fileRef = 373A36CA2AD995260086CCE0 /* DeviceManager.swift */; };
		3750F9282B2D07AD00F578ED /* README.md in Resources */ = {isa = PBXBuildFile; fileRef = 3750F9272B2D07AD00F578ED /* README.md */; };
		3759873C2AE2D1670006BE45 /* CustomPropertyListDecoder.swift in Sources */ = {isa = PBXBuildFile; fileRef = 3759873B2AE2D1670006BE45 /* CustomPropertyListDecoder.swift */; };
		3759873E2AE3043E0006BE45 /* SimulatorManagerViewModel.swift in Sources */ = {isa = PBXBuildFile; fileRef = 3759873D2AE3043E0006BE45 /* SimulatorManagerViewModel.swift */; };
		3776EEDA2B2CF6720080F422 /* FolderMonitor.swift in Sources */ = {isa = PBXBuildFile; fileRef = 3776EED92B2CF6720080F422 /* FolderMonitor.swift */; };
		3776EEDC2B2CF9310080F422 /* AppFolderMonitor.swift in Sources */ = {isa = PBXBuildFile; fileRef = 3776EEDB2B2CF9310080F422 /* AppFolderMonitor.swift */; };
		37CAA9CD2ADEEA4A00A7F2CB /* DeviceState.swift in Sources */ = {isa = PBXBuildFile; fileRef = 37CAA9CC2ADEEA4A00A7F2CB /* DeviceState.swift */; };
		37CAA9CF2ADEEA6000A7F2CB /* DeviceType.swift in Sources */ = {isa = PBXBuildFile; fileRef = 37CAA9CE2ADEEA6000A7F2CB /* DeviceType.swift */; };
		37CAA9D12ADEEE6C00A7F2CB /* SimulatorApp.swift in Sources */ = {isa = PBXBuildFile; fileRef = 37CAA9D02ADEEE6C00A7F2CB /* SimulatorApp.swift */; };
		37CAA9D32ADEF07900A7F2CB /* AppGroup.swift in Sources */ = {isa = PBXBuildFile; fileRef = 37CAA9D22ADEF07900A7F2CB /* AppGroup.swift */; };
		37CAA9D52ADEF97400A7F2CB /* Extensions.swift in Sources */ = {isa = PBXBuildFile; fileRef = 37CAA9D42ADEF97400A7F2CB /* Extensions.swift */; };
		37CAA9D72AE0730C00A7F2CB /* AppInfoPlist.swift in Sources */ = {isa = PBXBuildFile; fileRef = 37CAA9D62AE0730C00A7F2CB /* AppInfoPlist.swift */; };
		37CAA9D92AE0786400A7F2CB /* MetaDataPlist.swift in Sources */ = {isa = PBXBuildFile; fileRef = 37CAA9D82AE0786400A7F2CB /* MetaDataPlist.swift */; };
		37D6FBED2B112E360023F886 /* FolderOpening.swift in Sources */ = {isa = PBXBuildFile; fileRef = 37D6FBEC2B112E360023F886 /* FolderOpening.swift */; };
		37D6FBEF2B112E8C0023F886 /* DeviceViewModel.swift in Sources */ = {isa = PBXBuildFile; fileRef = 37D6FBEE2B112E8C0023F886 /* DeviceViewModel.swift */; };
		37D6FBF22B1130730023F886 /* AppsView.swift in Sources */ = {isa = PBXBuildFile; fileRef = 37D6FBF12B1130730023F886 /* AppsView.swift */; };
		37D6FBF42B1130870023F886 /* AppGroupsView.swift in Sources */ = {isa = PBXBuildFile; fileRef = 37D6FBF32B1130870023F886 /* AppGroupsView.swift */; };
		37D6FBF62B11330D0023F886 /* Settings.swift in Sources */ = {isa = PBXBuildFile; fileRef = 37D6FBF52B11330D0023F886 /* Settings.swift */; };
		37D6FBF92B1134F30023F886 /* SettingsView.swift in Sources */ = {isa = PBXBuildFile; fileRef = 37D6FBF82B1134F30023F886 /* SettingsView.swift */; };
		37D6FBFB2B11354E0023F886 /* SettingsViewModel.swift in Sources */ = {isa = PBXBuildFile; fileRef = 37D6FBFA2B11354E0023F886 /* SettingsViewModel.swift */; };
		37F1DA572AD6E48F00C059DB /* SimulatorManagerApp.swift in Sources */ = {isa = PBXBuildFile; fileRef = 37F1DA562AD6E48F00C059DB /* SimulatorManagerApp.swift */; };
		37F1DA5B2AD6E49000C059DB /* Assets.xcassets in Resources */ = {isa = PBXBuildFile; fileRef = 37F1DA5A2AD6E49000C059DB /* Assets.xcassets */; };
		37F1DA5E2AD6E49000C059DB /* Preview Assets.xcassets in Resources */ = {isa = PBXBuildFile; fileRef = 37F1DA5D2AD6E49000C059DB /* Preview Assets.xcassets */; };
		37F1DA692AD6E49000C059DB /* SimulatorManagerTests.swift in Sources */ = {isa = PBXBuildFile; fileRef = 37F1DA682AD6E49000C059DB /* SimulatorManagerTests.swift */; };
		37F1DA732AD6E49000C059DB /* SimulatorManagerUITests.swift in Sources */ = {isa = PBXBuildFile; fileRef = 37F1DA722AD6E49000C059DB /* SimulatorManagerUITests.swift */; };
		37F1DA752AD6E49000C059DB /* SimulatorManagerUITestsLaunchTests.swift in Sources */ = {isa = PBXBuildFile; fileRef = 37F1DA742AD6E49000C059DB /* SimulatorManagerUITestsLaunchTests.swift */; };
/* End PBXBuildFile section */

/* Begin PBXContainerItemProxy section */
		37F1DA652AD6E49000C059DB /* PBXContainerItemProxy */ = {
			isa = PBXContainerItemProxy;
			containerPortal = 37F1DA4B2AD6E48E00C059DB /* Project object */;
			proxyType = 1;
			remoteGlobalIDString = 37F1DA522AD6E48F00C059DB;
			remoteInfo = SimulatorManager;
		};
		37F1DA6F2AD6E49000C059DB /* PBXContainerItemProxy */ = {
			isa = PBXContainerItemProxy;
			containerPortal = 37F1DA4B2AD6E48E00C059DB /* Project object */;
			proxyType = 1;
			remoteGlobalIDString = 37F1DA522AD6E48F00C059DB;
			remoteInfo = SimulatorManager;
		};
/* End PBXContainerItemProxy section */

/* Begin PBXFileReference section */
		3713A08A2B1923150060C939 /* DeviceTypeView.swift */ = {isa = PBXFileReference; lastKnownFileType = sourcecode.swift; path = DeviceTypeView.swift; sourceTree = "<group>"; };
		373A36C62AD98A9A0086CCE0 /* Device.swift */ = {isa = PBXFileReference; lastKnownFileType = sourcecode.swift; path = Device.swift; sourceTree = "<group>"; };
		373A36CA2AD995260086CCE0 /* DeviceManager.swift */ = {isa = PBXFileReference; lastKnownFileType = sourcecode.swift; path = DeviceManager.swift; sourceTree = "<group>"; };
		3750F9272B2D07AD00F578ED /* README.md */ = {isa = PBXFileReference; fileEncoding = 4; lastKnownFileType = net.daringfireball.markdown; path = README.md; sourceTree = "<group>"; };
		3759873B2AE2D1670006BE45 /* CustomPropertyListDecoder.swift */ = {isa = PBXFileReference; lastKnownFileType = sourcecode.swift; path = CustomPropertyListDecoder.swift; sourceTree = "<group>"; };
		3759873D2AE3043E0006BE45 /* SimulatorManagerViewModel.swift */ = {isa = PBXFileReference; lastKnownFileType = sourcecode.swift; path = SimulatorManagerViewModel.swift; sourceTree = "<group>"; };
		3776EED92B2CF6720080F422 /* FolderMonitor.swift */ = {isa = PBXFileReference; lastKnownFileType = sourcecode.swift; path = FolderMonitor.swift; sourceTree = "<group>"; };
		3776EEDB2B2CF9310080F422 /* AppFolderMonitor.swift */ = {isa = PBXFileReference; lastKnownFileType = sourcecode.swift; path = AppFolderMonitor.swift; sourceTree = "<group>"; };
		37CAA9CC2ADEEA4A00A7F2CB /* DeviceState.swift */ = {isa = PBXFileReference; lastKnownFileType = sourcecode.swift; path = DeviceState.swift; sourceTree = "<group>"; };
		37CAA9CE2ADEEA6000A7F2CB /* DeviceType.swift */ = {isa = PBXFileReference; lastKnownFileType = sourcecode.swift; path = DeviceType.swift; sourceTree = "<group>"; };
		37CAA9D02ADEEE6C00A7F2CB /* SimulatorApp.swift */ = {isa = PBXFileReference; lastKnownFileType = sourcecode.swift; path = SimulatorApp.swift; sourceTree = "<group>"; };
		37CAA9D22ADEF07900A7F2CB /* AppGroup.swift */ = {isa = PBXFileReference; lastKnownFileType = sourcecode.swift; path = AppGroup.swift; sourceTree = "<group>"; };
		37CAA9D42ADEF97400A7F2CB /* Extensions.swift */ = {isa = PBXFileReference; lastKnownFileType = sourcecode.swift; path = Extensions.swift; sourceTree = "<group>"; };
		37CAA9D62AE0730C00A7F2CB /* AppInfoPlist.swift */ = {isa = PBXFileReference; lastKnownFileType = sourcecode.swift; path = AppInfoPlist.swift; sourceTree = "<group>"; };
		37CAA9D82AE0786400A7F2CB /* MetaDataPlist.swift */ = {isa = PBXFileReference; lastKnownFileType = sourcecode.swift; path = MetaDataPlist.swift; sourceTree = "<group>"; };
		37D6FBEC2B112E360023F886 /* FolderOpening.swift */ = {isa = PBXFileReference; lastKnownFileType = sourcecode.swift; path = FolderOpening.swift; sourceTree = "<group>"; };
		37D6FBEE2B112E8C0023F886 /* DeviceViewModel.swift */ = {isa = PBXFileReference; lastKnownFileType = sourcecode.swift; path = DeviceViewModel.swift; sourceTree = "<group>"; };
		37D6FBF12B1130730023F886 /* AppsView.swift */ = {isa = PBXFileReference; lastKnownFileType = sourcecode.swift; path = AppsView.swift; sourceTree = "<group>"; };
		37D6FBF32B1130870023F886 /* AppGroupsView.swift */ = {isa = PBXFileReference; lastKnownFileType = sourcecode.swift; path = AppGroupsView.swift; sourceTree = "<group>"; };
		37D6FBF52B11330D0023F886 /* Settings.swift */ = {isa = PBXFileReference; lastKnownFileType = sourcecode.swift; path = Settings.swift; sourceTree = "<group>"; };
		37D6FBF82B1134F30023F886 /* SettingsView.swift */ = {isa = PBXFileReference; lastKnownFileType = sourcecode.swift; path = SettingsView.swift; sourceTree = "<group>"; };
		37D6FBFA2B11354E0023F886 /* SettingsViewModel.swift */ = {isa = PBXFileReference; lastKnownFileType = sourcecode.swift; path = SettingsViewModel.swift; sourceTree = "<group>"; };
		37F1DA532AD6E48F00C059DB /* SimulatorManager.app */ = {isa = PBXFileReference; explicitFileType = wrapper.application; includeInIndex = 0; path = SimulatorManager.app; sourceTree = BUILT_PRODUCTS_DIR; };
		37F1DA562AD6E48F00C059DB /* SimulatorManagerApp.swift */ = {isa = PBXFileReference; lastKnownFileType = sourcecode.swift; path = SimulatorManagerApp.swift; sourceTree = "<group>"; };
		37F1DA5A2AD6E49000C059DB /* Assets.xcassets */ = {isa = PBXFileReference; lastKnownFileType = folder.assetcatalog; path = Assets.xcassets; sourceTree = "<group>"; };
		37F1DA5D2AD6E49000C059DB /* Preview Assets.xcassets */ = {isa = PBXFileReference; lastKnownFileType = folder.assetcatalog; path = "Preview Assets.xcassets"; sourceTree = "<group>"; };
		37F1DA5F2AD6E49000C059DB /* SimulatorManager.entitlements */ = {isa = PBXFileReference; lastKnownFileType = text.plist.entitlements; path = SimulatorManager.entitlements; sourceTree = "<group>"; };
		37F1DA642AD6E49000C059DB /* SimulatorManagerTests.xctest */ = {isa = PBXFileReference; explicitFileType = wrapper.cfbundle; includeInIndex = 0; path = SimulatorManagerTests.xctest; sourceTree = BUILT_PRODUCTS_DIR; };
		37F1DA682AD6E49000C059DB /* SimulatorManagerTests.swift */ = {isa = PBXFileReference; lastKnownFileType = sourcecode.swift; path = SimulatorManagerTests.swift; sourceTree = "<group>"; };
		37F1DA6E2AD6E49000C059DB /* SimulatorManagerUITests.xctest */ = {isa = PBXFileReference; explicitFileType = wrapper.cfbundle; includeInIndex = 0; path = SimulatorManagerUITests.xctest; sourceTree = BUILT_PRODUCTS_DIR; };
		37F1DA722AD6E49000C059DB /* SimulatorManagerUITests.swift */ = {isa = PBXFileReference; lastKnownFileType = sourcecode.swift; path = SimulatorManagerUITests.swift; sourceTree = "<group>"; };
		37F1DA742AD6E49000C059DB /* SimulatorManagerUITestsLaunchTests.swift */ = {isa = PBXFileReference; lastKnownFileType = sourcecode.swift; path = SimulatorManagerUITestsLaunchTests.swift; sourceTree = "<group>"; };
/* End PBXFileReference section */

/* Begin PBXFrameworksBuildPhase section */
		37F1DA502AD6E48F00C059DB /* Frameworks */ = {
			isa = PBXFrameworksBuildPhase;
			buildActionMask = 2147483647;
			files = (
			);
			runOnlyForDeploymentPostprocessing = 0;
		};
		37F1DA612AD6E49000C059DB /* Frameworks */ = {
			isa = PBXFrameworksBuildPhase;
			buildActionMask = 2147483647;
			files = (
			);
			runOnlyForDeploymentPostprocessing = 0;
		};
		37F1DA6B2AD6E49000C059DB /* Frameworks */ = {
			isa = PBXFrameworksBuildPhase;
			buildActionMask = 2147483647;
			files = (
			);
			runOnlyForDeploymentPostprocessing = 0;
		};
/* End PBXFrameworksBuildPhase section */

/* Begin PBXGroup section */
		373A36C52AD98A8C0086CCE0 /* Models */ = {
			isa = PBXGroup;
			children = (
				373A36C62AD98A9A0086CCE0 /* Device.swift */,
				37CAA9CE2ADEEA6000A7F2CB /* DeviceType.swift */,
				37CAA9CC2ADEEA4A00A7F2CB /* DeviceState.swift */,
				37CAA9D02ADEEE6C00A7F2CB /* SimulatorApp.swift */,
				37CAA9D22ADEF07900A7F2CB /* AppGroup.swift */,
				37CAA9D62AE0730C00A7F2CB /* AppInfoPlist.swift */,
				37CAA9D82AE0786400A7F2CB /* MetaDataPlist.swift */,
			);
			path = Models;
			sourceTree = "<group>";
		};
		3776EED82B2CF6640080F422 /* FolderMonitor */ = {
			isa = PBXGroup;
			children = (
				3776EED92B2CF6720080F422 /* FolderMonitor.swift */,
				3776EEDB2B2CF9310080F422 /* AppFolderMonitor.swift */,
			);
			path = FolderMonitor;
			sourceTree = "<group>";
		};
		37D6FBF02B1130310023F886 /* ViewModels */ = {
			isa = PBXGroup;
			children = (
				37D6FBEE2B112E8C0023F886 /* DeviceViewModel.swift */,
				3759873D2AE3043E0006BE45 /* SimulatorManagerViewModel.swift */,
			);
			path = ViewModels;
			sourceTree = "<group>";
		};
		37D6FBF72B1134E80023F886 /* Settings */ = {
			isa = PBXGroup;
			children = (
				37D6FBF52B11330D0023F886 /* Settings.swift */,
				37D6FBF82B1134F30023F886 /* SettingsView.swift */,
				37D6FBFA2B11354E0023F886 /* SettingsViewModel.swift */,
			);
			path = Settings;
			sourceTree = "<group>";
		};
		37F1DA4A2AD6E48E00C059DB = {
			isa = PBXGroup;
			children = (
				3750F9272B2D07AD00F578ED /* README.md */,
				37F1DA552AD6E48F00C059DB /* SimulatorManager */,
				37F1DA672AD6E49000C059DB /* SimulatorManagerTests */,
				37F1DA712AD6E49000C059DB /* SimulatorManagerUITests */,
				37F1DA542AD6E48F00C059DB /* Products */,
			);
			sourceTree = "<group>";
		};
		37F1DA542AD6E48F00C059DB /* Products */ = {
			isa = PBXGroup;
			children = (
				37F1DA532AD6E48F00C059DB /* SimulatorManager.app */,
				37F1DA642AD6E49000C059DB /* SimulatorManagerTests.xctest */,
				37F1DA6E2AD6E49000C059DB /* SimulatorManagerUITests.xctest */,
			);
			name = Products;
			sourceTree = "<group>";
		};
		37F1DA552AD6E48F00C059DB /* SimulatorManager */ = {
			isa = PBXGroup;
			children = (
				3776EED82B2CF6640080F422 /* FolderMonitor */,
				37F1DA562AD6E48F00C059DB /* SimulatorManagerApp.swift */,
				3713A08A2B1923150060C939 /* DeviceTypeView.swift */,
				37D6FBF32B1130870023F886 /* AppGroupsView.swift */,
				37D6FBF12B1130730023F886 /* AppsView.swift */,
				373A36C52AD98A8C0086CCE0 /* Models */,
				37D6FBF02B1130310023F886 /* ViewModels */,
				37F1DA5A2AD6E49000C059DB /* Assets.xcassets */,
				37F1DA5F2AD6E49000C059DB /* SimulatorManager.entitlements */,
				37F1DA5C2AD6E49000C059DB /* Preview Content */,
				373A36CA2AD995260086CCE0 /* DeviceManager.swift */,
				37CAA9D42ADEF97400A7F2CB /* Extensions.swift */,
				3759873B2AE2D1670006BE45 /* CustomPropertyListDecoder.swift */,
				37D6FBEC2B112E360023F886 /* FolderOpening.swift */,
				37D6FBF72B1134E80023F886 /* Settings */,
			);
			path = SimulatorManager;
			sourceTree = "<group>";
		};
		37F1DA5C2AD6E49000C059DB /* Preview Content */ = {
			isa = PBXGroup;
			children = (
				37F1DA5D2AD6E49000C059DB /* Preview Assets.xcassets */,
			);
			path = "Preview Content";
			sourceTree = "<group>";
		};
		37F1DA672AD6E49000C059DB /* SimulatorManagerTests */ = {
			isa = PBXGroup;
			children = (
				37F1DA682AD6E49000C059DB /* SimulatorManagerTests.swift */,
			);
			path = SimulatorManagerTests;
			sourceTree = "<group>";
		};
		37F1DA712AD6E49000C059DB /* SimulatorManagerUITests */ = {
			isa = PBXGroup;
			children = (
				37F1DA722AD6E49000C059DB /* SimulatorManagerUITests.swift */,
				37F1DA742AD6E49000C059DB /* SimulatorManagerUITestsLaunchTests.swift */,
			);
			path = SimulatorManagerUITests;
			sourceTree = "<group>";
		};
/* End PBXGroup section */

/* Begin PBXNativeTarget section */
		37F1DA522AD6E48F00C059DB /* SimulatorManager */ = {
			isa = PBXNativeTarget;
			buildConfigurationList = 37F1DA782AD6E49000C059DB /* Build configuration list for PBXNativeTarget "SimulatorManager" */;
			buildPhases = (
				373A36C82AD991EA0086CCE0 /* Swift Format */,
				373A36C92AD992A00086CCE0 /* Swift Lint */,
				37F1DA4F2AD6E48F00C059DB /* Sources */,
				37F1DA502AD6E48F00C059DB /* Frameworks */,
				37F1DA512AD6E48F00C059DB /* Resources */,
			);
			buildRules = (
			);
			dependencies = (
			);
			name = SimulatorManager;
			productName = SimulatorManager;
			productReference = 37F1DA532AD6E48F00C059DB /* SimulatorManager.app */;
			productType = "com.apple.product-type.application";
		};
		37F1DA632AD6E49000C059DB /* SimulatorManagerTests */ = {
			isa = PBXNativeTarget;
			buildConfigurationList = 37F1DA7B2AD6E49000C059DB /* Build configuration list for PBXNativeTarget "SimulatorManagerTests" */;
			buildPhases = (
				37F1DA602AD6E49000C059DB /* Sources */,
				37F1DA612AD6E49000C059DB /* Frameworks */,
				37F1DA622AD6E49000C059DB /* Resources */,
			);
			buildRules = (
			);
			dependencies = (
				37F1DA662AD6E49000C059DB /* PBXTargetDependency */,
			);
			name = SimulatorManagerTests;
			productName = SimulatorManagerTests;
			productReference = 37F1DA642AD6E49000C059DB /* SimulatorManagerTests.xctest */;
			productType = "com.apple.product-type.bundle.unit-test";
		};
		37F1DA6D2AD6E49000C059DB /* SimulatorManagerUITests */ = {
			isa = PBXNativeTarget;
			buildConfigurationList = 37F1DA7E2AD6E49000C059DB /* Build configuration list for PBXNativeTarget "SimulatorManagerUITests" */;
			buildPhases = (
				37F1DA6A2AD6E49000C059DB /* Sources */,
				37F1DA6B2AD6E49000C059DB /* Frameworks */,
				37F1DA6C2AD6E49000C059DB /* Resources */,
			);
			buildRules = (
			);
			dependencies = (
				37F1DA702AD6E49000C059DB /* PBXTargetDependency */,
			);
			name = SimulatorManagerUITests;
			productName = SimulatorManagerUITests;
			productReference = 37F1DA6E2AD6E49000C059DB /* SimulatorManagerUITests.xctest */;
			productType = "com.apple.product-type.bundle.ui-testing";
		};
/* End PBXNativeTarget section */

/* Begin PBXProject section */
		37F1DA4B2AD6E48E00C059DB /* Project object */ = {
			isa = PBXProject;
			attributes = {
				BuildIndependentTargetsInParallel = 1;
				LastSwiftUpdateCheck = 1500;
				LastUpgradeCheck = 1520;
				TargetAttributes = {
					37F1DA522AD6E48F00C059DB = {
						CreatedOnToolsVersion = 15.0;
					};
					37F1DA632AD6E49000C059DB = {
						CreatedOnToolsVersion = 15.0;
						TestTargetID = 37F1DA522AD6E48F00C059DB;
					};
					37F1DA6D2AD6E49000C059DB = {
						CreatedOnToolsVersion = 15.0;
						TestTargetID = 37F1DA522AD6E48F00C059DB;
					};
				};
			};
			buildConfigurationList = 37F1DA4E2AD6E48E00C059DB /* Build configuration list for PBXProject "SimulatorManager" */;
			compatibilityVersion = "Xcode 14.0";
			developmentRegion = en;
			hasScannedForEncodings = 0;
			knownRegions = (
				en,
				Base,
			);
			mainGroup = 37F1DA4A2AD6E48E00C059DB;
			productRefGroup = 37F1DA542AD6E48F00C059DB /* Products */;
			projectDirPath = "";
			projectRoot = "";
			targets = (
				37F1DA522AD6E48F00C059DB /* SimulatorManager */,
				37F1DA632AD6E49000C059DB /* SimulatorManagerTests */,
				37F1DA6D2AD6E49000C059DB /* SimulatorManagerUITests */,
			);
		};
/* End PBXProject section */

/* Begin PBXResourcesBuildPhase section */
		37F1DA512AD6E48F00C059DB /* Resources */ = {
			isa = PBXResourcesBuildPhase;
			buildActionMask = 2147483647;
			files = (
				3750F9282B2D07AD00F578ED /* README.md in Resources */,
				37F1DA5E2AD6E49000C059DB /* Preview Assets.xcassets in Resources */,
				37F1DA5B2AD6E49000C059DB /* Assets.xcassets in Resources */,
			);
			runOnlyForDeploymentPostprocessing = 0;
		};
		37F1DA622AD6E49000C059DB /* Resources */ = {
			isa = PBXResourcesBuildPhase;
			buildActionMask = 2147483647;
			files = (
			);
			runOnlyForDeploymentPostprocessing = 0;
		};
		37F1DA6C2AD6E49000C059DB /* Resources */ = {
			isa = PBXResourcesBuildPhase;
			buildActionMask = 2147483647;
			files = (
			);
			runOnlyForDeploymentPostprocessing = 0;
		};
/* End PBXResourcesBuildPhase section */

/* Begin PBXShellScriptBuildPhase section */
		373A36C82AD991EA0086CCE0 /* Swift Format */ = {
			isa = PBXShellScriptBuildPhase;
			buildActionMask = 2147483647;
			files = (
			);
			inputFileListPaths = (
			);
			inputPaths = (
			);
			name = "Swift Format";
			outputFileListPaths = (
			);
			outputPaths = (
			);
			runOnlyForDeploymentPostprocessing = 0;
			shellPath = /bin/sh;
			shellScript = "if which swiftformat >/dev/null; then\n  swiftformat .\nelse\n  echo \"warning: SwiftFormat not installed, download from https://github.com/nicklockwood/SwiftFormat\"\nfi\n";
		};
		373A36C92AD992A00086CCE0 /* Swift Lint */ = {
			isa = PBXShellScriptBuildPhase;
			buildActionMask = 2147483647;
			files = (
			);
			inputFileListPaths = (
			);
			inputPaths = (
			);
			name = "Swift Lint";
			outputFileListPaths = (
			);
			outputPaths = (
			);
			runOnlyForDeploymentPostprocessing = 0;
			shellPath = /bin/sh;
			shellScript = "if which swiftformat >/dev/null; then\n  swiftlint\nelse\n  echo \"warning: SwiftLint not installed\"\nfi\n";
		};
/* End PBXShellScriptBuildPhase section */

/* Begin PBXSourcesBuildPhase section */
		37F1DA4F2AD6E48F00C059DB /* Sources */ = {
			isa = PBXSourcesBuildPhase;
			buildActionMask = 2147483647;
			files = (
				373A36C72AD98A9A0086CCE0 /* Device.swift in Sources */,
				37CAA9D52ADEF97400A7F2CB /* Extensions.swift in Sources */,
				37CAA9D72AE0730C00A7F2CB /* AppInfoPlist.swift in Sources */,
				37D6FBF92B1134F30023F886 /* SettingsView.swift in Sources */,
				37D6FBF62B11330D0023F886 /* Settings.swift in Sources */,
				37D6FBFB2B11354E0023F886 /* SettingsViewModel.swift in Sources */,
				37D6FBEF2B112E8C0023F886 /* DeviceViewModel.swift in Sources */,
				37CAA9CD2ADEEA4A00A7F2CB /* DeviceState.swift in Sources */,
				3776EEDC2B2CF9310080F422 /* AppFolderMonitor.swift in Sources */,
				3713A08B2B1923150060C939 /* DeviceTypeView.swift in Sources */,
				373A36CB2AD995260086CCE0 /* DeviceManager.swift in Sources */,
				37CAA9CF2ADEEA6000A7F2CB /* DeviceType.swift in Sources */,
				37D6FBF22B1130730023F886 /* AppsView.swift in Sources */,
				37CAA9D92AE0786400A7F2CB /* MetaDataPlist.swift in Sources */,
				3759873E2AE3043E0006BE45 /* SimulatorManagerViewModel.swift in Sources */,
				3759873C2AE2D1670006BE45 /* CustomPropertyListDecoder.swift in Sources */,
				37D6FBED2B112E360023F886 /* FolderOpening.swift in Sources */,
				3776EEDA2B2CF6720080F422 /* FolderMonitor.swift in Sources */,
				37CAA9D12ADEEE6C00A7F2CB /* SimulatorApp.swift in Sources */,
				37D6FBF42B1130870023F886 /* AppGroupsView.swift in Sources */,
				37F1DA572AD6E48F00C059DB /* SimulatorManagerApp.swift in Sources */,
				37CAA9D32ADEF07900A7F2CB /* AppGroup.swift in Sources */,
			);
			runOnlyForDeploymentPostprocessing = 0;
		};
		37F1DA602AD6E49000C059DB /* Sources */ = {
			isa = PBXSourcesBuildPhase;
			buildActionMask = 2147483647;
			files = (
				37F1DA692AD6E49000C059DB /* SimulatorManagerTests.swift in Sources */,
			);
			runOnlyForDeploymentPostprocessing = 0;
		};
		37F1DA6A2AD6E49000C059DB /* Sources */ = {
			isa = PBXSourcesBuildPhase;
			buildActionMask = 2147483647;
			files = (
				37F1DA732AD6E49000C059DB /* SimulatorManagerUITests.swift in Sources */,
				37F1DA752AD6E49000C059DB /* SimulatorManagerUITestsLaunchTests.swift in Sources */,
			);
			runOnlyForDeploymentPostprocessing = 0;
		};
/* End PBXSourcesBuildPhase section */

/* Begin PBXTargetDependency section */
		37F1DA662AD6E49000C059DB /* PBXTargetDependency */ = {
			isa = PBXTargetDependency;
			target = 37F1DA522AD6E48F00C059DB /* SimulatorManager */;
			targetProxy = 37F1DA652AD6E49000C059DB /* PBXContainerItemProxy */;
		};
		37F1DA702AD6E49000C059DB /* PBXTargetDependency */ = {
			isa = PBXTargetDependency;
			target = 37F1DA522AD6E48F00C059DB /* SimulatorManager */;
			targetProxy = 37F1DA6F2AD6E49000C059DB /* PBXContainerItemProxy */;
		};
/* End PBXTargetDependency section */

/* Begin XCBuildConfiguration section */
		37F1DA762AD6E49000C059DB /* Debug */ = {
			isa = XCBuildConfiguration;
			buildSettings = {
				ALWAYS_SEARCH_USER_PATHS = NO;
				ASSETCATALOG_COMPILER_GENERATE_SWIFT_ASSET_SYMBOL_EXTENSIONS = YES;
				CLANG_ANALYZER_NONNULL = YES;
				CLANG_ANALYZER_NUMBER_OBJECT_CONVERSION = YES_AGGRESSIVE;
				CLANG_CXX_LANGUAGE_STANDARD = "gnu++20";
				CLANG_ENABLE_MODULES = YES;
				CLANG_ENABLE_OBJC_ARC = YES;
				CLANG_ENABLE_OBJC_WEAK = YES;
				CLANG_WARN_BLOCK_CAPTURE_AUTORELEASING = YES;
				CLANG_WARN_BOOL_CONVERSION = YES;
				CLANG_WARN_COMMA = YES;
				CLANG_WARN_CONSTANT_CONVERSION = YES;
				CLANG_WARN_DEPRECATED_OBJC_IMPLEMENTATIONS = YES;
				CLANG_WARN_DIRECT_OBJC_ISA_USAGE = YES_ERROR;
				CLANG_WARN_DOCUMENTATION_COMMENTS = YES;
				CLANG_WARN_EMPTY_BODY = YES;
				CLANG_WARN_ENUM_CONVERSION = YES;
				CLANG_WARN_INFINITE_RECURSION = YES;
				CLANG_WARN_INT_CONVERSION = YES;
				CLANG_WARN_NON_LITERAL_NULL_CONVERSION = YES;
				CLANG_WARN_OBJC_IMPLICIT_RETAIN_SELF = YES;
				CLANG_WARN_OBJC_LITERAL_CONVERSION = YES;
				CLANG_WARN_OBJC_ROOT_CLASS = YES_ERROR;
				CLANG_WARN_QUOTED_INCLUDE_IN_FRAMEWORK_HEADER = YES;
				CLANG_WARN_RANGE_LOOP_ANALYSIS = YES;
				CLANG_WARN_STRICT_PROTOTYPES = YES;
				CLANG_WARN_SUSPICIOUS_MOVE = YES;
				CLANG_WARN_UNGUARDED_AVAILABILITY = YES_AGGRESSIVE;
				CLANG_WARN_UNREACHABLE_CODE = YES;
				CLANG_WARN__DUPLICATE_METHOD_MATCH = YES;
				COPY_PHASE_STRIP = NO;
				DEAD_CODE_STRIPPING = YES;
				DEBUG_INFORMATION_FORMAT = dwarf;
				ENABLE_STRICT_OBJC_MSGSEND = YES;
				ENABLE_TESTABILITY = YES;
				ENABLE_USER_SCRIPT_SANDBOXING = YES;
				GCC_C_LANGUAGE_STANDARD = gnu17;
				GCC_DYNAMIC_NO_PIC = NO;
				GCC_NO_COMMON_BLOCKS = YES;
				GCC_OPTIMIZATION_LEVEL = 0;
				GCC_PREPROCESSOR_DEFINITIONS = (
					"DEBUG=1",
					"$(inherited)",
				);
				GCC_WARN_64_TO_32_BIT_CONVERSION = YES;
				GCC_WARN_ABOUT_RETURN_TYPE = YES_ERROR;
				GCC_WARN_UNDECLARED_SELECTOR = YES;
				GCC_WARN_UNINITIALIZED_AUTOS = YES_AGGRESSIVE;
				GCC_WARN_UNUSED_FUNCTION = YES;
				GCC_WARN_UNUSED_VARIABLE = YES;
				LOCALIZATION_PREFERS_STRING_CATALOGS = YES;
				MACOSX_DEPLOYMENT_TARGET = 14.0;
				MTL_ENABLE_DEBUG_INFO = INCLUDE_SOURCE;
				MTL_FAST_MATH = YES;
				ONLY_ACTIVE_ARCH = YES;
				SDKROOT = macosx;
				SWIFT_ACTIVE_COMPILATION_CONDITIONS = "DEBUG $(inherited)";
				SWIFT_OPTIMIZATION_LEVEL = "-Onone";
			};
			name = Debug;
		};
		37F1DA772AD6E49000C059DB /* Release */ = {
			isa = XCBuildConfiguration;
			buildSettings = {
				ALWAYS_SEARCH_USER_PATHS = NO;
				ASSETCATALOG_COMPILER_GENERATE_SWIFT_ASSET_SYMBOL_EXTENSIONS = YES;
				CLANG_ANALYZER_NONNULL = YES;
				CLANG_ANALYZER_NUMBER_OBJECT_CONVERSION = YES_AGGRESSIVE;
				CLANG_CXX_LANGUAGE_STANDARD = "gnu++20";
				CLANG_ENABLE_MODULES = YES;
				CLANG_ENABLE_OBJC_ARC = YES;
				CLANG_ENABLE_OBJC_WEAK = YES;
				CLANG_WARN_BLOCK_CAPTURE_AUTORELEASING = YES;
				CLANG_WARN_BOOL_CONVERSION = YES;
				CLANG_WARN_COMMA = YES;
				CLANG_WARN_CONSTANT_CONVERSION = YES;
				CLANG_WARN_DEPRECATED_OBJC_IMPLEMENTATIONS = YES;
				CLANG_WARN_DIRECT_OBJC_ISA_USAGE = YES_ERROR;
				CLANG_WARN_DOCUMENTATION_COMMENTS = YES;
				CLANG_WARN_EMPTY_BODY = YES;
				CLANG_WARN_ENUM_CONVERSION = YES;
				CLANG_WARN_INFINITE_RECURSION = YES;
				CLANG_WARN_INT_CONVERSION = YES;
				CLANG_WARN_NON_LITERAL_NULL_CONVERSION = YES;
				CLANG_WARN_OBJC_IMPLICIT_RETAIN_SELF = YES;
				CLANG_WARN_OBJC_LITERAL_CONVERSION = YES;
				CLANG_WARN_OBJC_ROOT_CLASS = YES_ERROR;
				CLANG_WARN_QUOTED_INCLUDE_IN_FRAMEWORK_HEADER = YES;
				CLANG_WARN_RANGE_LOOP_ANALYSIS = YES;
				CLANG_WARN_STRICT_PROTOTYPES = YES;
				CLANG_WARN_SUSPICIOUS_MOVE = YES;
				CLANG_WARN_UNGUARDED_AVAILABILITY = YES_AGGRESSIVE;
				CLANG_WARN_UNREACHABLE_CODE = YES;
				CLANG_WARN__DUPLICATE_METHOD_MATCH = YES;
				COPY_PHASE_STRIP = NO;
				DEAD_CODE_STRIPPING = YES;
				DEBUG_INFORMATION_FORMAT = "dwarf-with-dsym";
				ENABLE_NS_ASSERTIONS = NO;
				ENABLE_STRICT_OBJC_MSGSEND = YES;
				ENABLE_USER_SCRIPT_SANDBOXING = YES;
				GCC_C_LANGUAGE_STANDARD = gnu17;
				GCC_NO_COMMON_BLOCKS = YES;
				GCC_WARN_64_TO_32_BIT_CONVERSION = YES;
				GCC_WARN_ABOUT_RETURN_TYPE = YES_ERROR;
				GCC_WARN_UNDECLARED_SELECTOR = YES;
				GCC_WARN_UNINITIALIZED_AUTOS = YES_AGGRESSIVE;
				GCC_WARN_UNUSED_FUNCTION = YES;
				GCC_WARN_UNUSED_VARIABLE = YES;
				LOCALIZATION_PREFERS_STRING_CATALOGS = YES;
				MACOSX_DEPLOYMENT_TARGET = 14.0;
				MTL_ENABLE_DEBUG_INFO = NO;
				MTL_FAST_MATH = YES;
				SDKROOT = macosx;
				SWIFT_COMPILATION_MODE = wholemodule;
			};
			name = Release;
		};
		37F1DA792AD6E49000C059DB /* Debug */ = {
			isa = XCBuildConfiguration;
			buildSettings = {
				ASSETCATALOG_COMPILER_APPICON_NAME = AppIcon;
				ASSETCATALOG_COMPILER_GLOBAL_ACCENT_COLOR_NAME = AccentColor;
				CODE_SIGN_ENTITLEMENTS = SimulatorManager/SimulatorManager.entitlements;
				"CODE_SIGN_IDENTITY[sdk=macosx*]" = "Mac Developer";
				CODE_SIGN_STYLE = Manual;
				COMBINE_HIDPI_IMAGES = YES;
				CURRENT_PROJECT_VERSION = 2;
				DEAD_CODE_STRIPPING = YES;
				DEVELOPMENT_ASSET_PATHS = "\"SimulatorManager/Preview Content\"";
				DEVELOPMENT_TEAM = "";
				"DEVELOPMENT_TEAM[sdk=macosx*]" = C26VF67R9C;
				ENABLE_PREVIEWS = YES;
				ENABLE_USER_SCRIPT_SANDBOXING = NO;
				GENERATE_INFOPLIST_FILE = YES;
				INFOPLIST_KEY_LSApplicationCategoryType = "public.app-category.developer-tools";
				INFOPLIST_KEY_LSUIElement = YES;
				INFOPLIST_KEY_NSHumanReadableCopyright = "";
				LD_RUNPATH_SEARCH_PATHS = (
					"$(inherited)",
					"@executable_path/../Frameworks",
				);
				MARKETING_VERSION = 1.0.0;
				PRODUCT_BUNDLE_IDENTIFIER = com.nicolashiller.SimpleSimulatorManager;
				PRODUCT_NAME = "$(TARGET_NAME)";
				PROVISIONING_PROFILE_SPECIFIER = "";
				"PROVISIONING_PROFILE_SPECIFIER[sdk=macosx*]" = "Simple Simulator Manager Development";
				SWIFT_EMIT_LOC_STRINGS = YES;
				SWIFT_VERSION = 5.0;
			};
			name = Debug;
		};
		37F1DA7A2AD6E49000C059DB /* Release */ = {
			isa = XCBuildConfiguration;
			buildSettings = {
				ASSETCATALOG_COMPILER_APPICON_NAME = AppIcon;
				ASSETCATALOG_COMPILER_GLOBAL_ACCENT_COLOR_NAME = AccentColor;
				CODE_SIGN_ENTITLEMENTS = SimulatorManager/SimulatorManager.entitlements;
				"CODE_SIGN_IDENTITY[sdk=macosx*]" = "Developer ID Application";
				CODE_SIGN_STYLE = Manual;
				COMBINE_HIDPI_IMAGES = YES;
				CURRENT_PROJECT_VERSION = 2;
				DEAD_CODE_STRIPPING = YES;
				DEVELOPMENT_ASSET_PATHS = "\"SimulatorManager/Preview Content\"";
				DEVELOPMENT_TEAM = "";
				"DEVELOPMENT_TEAM[sdk=macosx*]" = C26VF67R9C;
				ENABLE_PREVIEWS = YES;
				ENABLE_USER_SCRIPT_SANDBOXING = NO;
				GENERATE_INFOPLIST_FILE = YES;
				INFOPLIST_KEY_LSApplicationCategoryType = "public.app-category.developer-tools";
				INFOPLIST_KEY_LSUIElement = YES;
				INFOPLIST_KEY_NSHumanReadableCopyright = "";
				LD_RUNPATH_SEARCH_PATHS = (
					"$(inherited)",
					"@executable_path/../Frameworks",
				);
				MARKETING_VERSION = 1.0.0;
				PRODUCT_BUNDLE_IDENTIFIER = com.nicolashiller.SimpleSimulatorManager;
				PRODUCT_NAME = "$(TARGET_NAME)";
				PROVISIONING_PROFILE_SPECIFIER = "";
				"PROVISIONING_PROFILE_SPECIFIER[sdk=macosx*]" = "Simple Simulator Manager Distribution";
				SWIFT_EMIT_LOC_STRINGS = YES;
				SWIFT_VERSION = 5.0;
			};
			name = Release;
		};
		37F1DA7C2AD6E49000C059DB /* Debug */ = {
			isa = XCBuildConfiguration;
			buildSettings = {
				ALWAYS_EMBED_SWIFT_STANDARD_LIBRARIES = YES;
				BUNDLE_LOADER = "$(TEST_HOST)";
				CODE_SIGN_STYLE = Automatic;
				CURRENT_PROJECT_VERSION = 1;
				DEAD_CODE_STRIPPING = YES;
				GENERATE_INFOPLIST_FILE = YES;
				MACOSX_DEPLOYMENT_TARGET = 14.0;
				MARKETING_VERSION = 1.0;
				PRODUCT_BUNDLE_IDENTIFIER = com.nicolashiller.SimulatorManagerTests;
				PRODUCT_NAME = "$(TARGET_NAME)";
				SWIFT_EMIT_LOC_STRINGS = NO;
				SWIFT_VERSION = 5.0;
				TEST_HOST = "$(BUILT_PRODUCTS_DIR)/SimulatorManager.app/$(BUNDLE_EXECUTABLE_FOLDER_PATH)/SimulatorManager";
			};
			name = Debug;
		};
		37F1DA7D2AD6E49000C059DB /* Release */ = {
			isa = XCBuildConfiguration;
			buildSettings = {
				ALWAYS_EMBED_SWIFT_STANDARD_LIBRARIES = YES;
				BUNDLE_LOADER = "$(TEST_HOST)";
				CODE_SIGN_STYLE = Automatic;
				CURRENT_PROJECT_VERSION = 1;
				DEAD_CODE_STRIPPING = YES;
				GENERATE_INFOPLIST_FILE = YES;
				MACOSX_DEPLOYMENT_TARGET = 14.0;
				MARKETING_VERSION = 1.0;
				PRODUCT_BUNDLE_IDENTIFIER = com.nicolashiller.SimulatorManagerTests;
				PRODUCT_NAME = "$(TARGET_NAME)";
				SWIFT_EMIT_LOC_STRINGS = NO;
				SWIFT_VERSION = 5.0;
				TEST_HOST = "$(BUILT_PRODUCTS_DIR)/SimulatorManager.app/$(BUNDLE_EXECUTABLE_FOLDER_PATH)/SimulatorManager";
			};
			name = Release;
		};
		37F1DA7F2AD6E49000C059DB /* Debug */ = {
			isa = XCBuildConfiguration;
			buildSettings = {
				ALWAYS_EMBED_SWIFT_STANDARD_LIBRARIES = YES;
				CODE_SIGN_STYLE = Automatic;
				CURRENT_PROJECT_VERSION = 1;
				DEAD_CODE_STRIPPING = YES;
				GENERATE_INFOPLIST_FILE = YES;
				MARKETING_VERSION = 1.0;
				PRODUCT_BUNDLE_IDENTIFIER = com.nicolashiller.SimulatorManagerUITests;
				PRODUCT_NAME = "$(TARGET_NAME)";
				SWIFT_EMIT_LOC_STRINGS = NO;
				SWIFT_VERSION = 5.0;
				TEST_TARGET_NAME = SimulatorManager;
			};
			name = Debug;
		};
		37F1DA802AD6E49000C059DB /* Release */ = {
			isa = XCBuildConfiguration;
			buildSettings = {
				ALWAYS_EMBED_SWIFT_STANDARD_LIBRARIES = YES;
				CODE_SIGN_STYLE = Automatic;
				CURRENT_PROJECT_VERSION = 1;
				DEAD_CODE_STRIPPING = YES;
				GENERATE_INFOPLIST_FILE = YES;
				MARKETING_VERSION = 1.0;
				PRODUCT_BUNDLE_IDENTIFIER = com.nicolashiller.SimulatorManagerUITests;
				PRODUCT_NAME = "$(TARGET_NAME)";
				SWIFT_EMIT_LOC_STRINGS = NO;
				SWIFT_VERSION = 5.0;
				TEST_TARGET_NAME = SimulatorManager;
			};
			name = Release;
		};
/* End XCBuildConfiguration section */

/* Begin XCConfigurationList section */
		37F1DA4E2AD6E48E00C059DB /* Build configuration list for PBXProject "SimulatorManager" */ = {
			isa = XCConfigurationList;
			buildConfigurations = (
				37F1DA762AD6E49000C059DB /* Debug */,
				37F1DA772AD6E49000C059DB /* Release */,
			);
			defaultConfigurationIsVisible = 0;
			defaultConfigurationName = Release;
		};
		37F1DA782AD6E49000C059DB /* Build configuration list for PBXNativeTarget "SimulatorManager" */ = {
			isa = XCConfigurationList;
			buildConfigurations = (
				37F1DA792AD6E49000C059DB /* Debug */,
				37F1DA7A2AD6E49000C059DB /* Release */,
			);
			defaultConfigurationIsVisible = 0;
			defaultConfigurationName = Release;
		};
		37F1DA7B2AD6E49000C059DB /* Build configuration list for PBXNativeTarget "SimulatorManagerTests" */ = {
			isa = XCConfigurationList;
			buildConfigurations = (
				37F1DA7C2AD6E49000C059DB /* Debug */,
				37F1DA7D2AD6E49000C059DB /* Release */,
			);
			defaultConfigurationIsVisible = 0;
			defaultConfigurationName = Release;
		};
		37F1DA7E2AD6E49000C059DB /* Build configuration list for PBXNativeTarget "SimulatorManagerUITests" */ = {
			isa = XCConfigurationList;
			buildConfigurations = (
				37F1DA7F2AD6E49000C059DB /* Debug */,
				37F1DA802AD6E49000C059DB /* Release */,
			);
			defaultConfigurationIsVisible = 0;
			defaultConfigurationName = Release;
		};
/* End XCConfigurationList section */
	};
	rootObject = 37F1DA4B2AD6E48E00C059DB /* Project object */;
}
